
Microsoft Visual Studio Solution File, Format Version 12.00
# Visual Studio Version 17
VisualStudioVersion = 17.8.34322.80
MinimumVisualStudioVersion = 10.0.40219.1
Project("{FAE04EC0-301F-11D3-BF4B-00C04F79EFBC}") = "Text Based Adventure 2", "Text Based Adventure 2.csproj", "{87553EC6-E1DB-4872-8CC2-7BE6FFFA4683}"
EndProject
Global
	GlobalSection(SolutionConfigurationPlatforms) = preSolution
		Debug|Any CPU = Debug|Any CPU
		Release|Any CPU = Release|Any CPU
	EndGlobalSection
	GlobalSection(ProjectConfigurationPlatforms) = postSolution
		{87553EC6-E1DB-4872-8CC2-7BE6FFFA4683}.Debug|Any CPU.ActiveCfg = Debug|Any CPU
		{87553EC6-E1DB-4872-8CC2-7BE6FFFA4683}.Debug|Any CPU.Build.0 = Debug|Any CPU
		{87553EC6-E1DB-4872-8CC2-7BE6FFFA4683}.Release|Any CPU.ActiveCfg = Release|Any CPU
		{87553EC6-E1DB-4872-8CC2-7BE6FFFA4683}.Release|Any CPU.Build.0 = Release|Any CPU
	EndGlobalSection
	GlobalSection(SolutionProperties) = preSolution
		HideSolutionNode = FALSE
	EndGlobalSection
	GlobalSection(ExtensibilityGlobals) = postSolution
		SolutionGuid = {45E9BD0B-B957-4F2A-9680-F3DE3AFD0BE9}
	EndGlobalSection
EndGlobal
